
Microsoft Visual Studio Solution File, Format Version 12.00
# Visual Studio 2012
Project("{FAE04EC0-301F-11D3-BF4B-00C04F79EFBC}") = "GPaint", "GPaint\GPaint.csproj", "{DCCF7AA6-B255-4E08-B3B3-F5910A8B1316}"
EndProject
Global
	GlobalSection(SolutionConfigurationPlatforms) = preSolution
		Debug|Any CPU = Debug|Any CPU
		Release|Any CPU = Release|Any CPU
	EndGlobalSection
	GlobalSection(ProjectConfigurationPlatforms) = postSolution
		{DCCF7AA6-B255-4E08-B3B3-F5910A8B1316}.Debug|Any CPU.ActiveCfg = Debug|Any CPU
		{DCCF7AA6-B255-4E08-B3B3-F5910A8B1316}.Debug|Any CPU.Build.0 = Debug|Any CPU
		{DCCF7AA6-B255-4E08-B3B3-F5910A8B1316}.Release|Any CPU.ActiveCfg = Release|Any CPU
		{DCCF7AA6-B255-4E08-B3B3-F5910A8B1316}.Release|Any CPU.Build.0 = Release|Any CPU
	EndGlobalSection
	GlobalSection(SolutionProperties) = preSolution
		HideSolutionNode = FALSE
	EndGlobalSection
EndGlobal
